
Microsoft Visual Studio Solution File, Format Version 12.00
# Visual Studio Version 17
VisualStudioVersion = 17.8.34525.116
MinimumVisualStudioVersion = 10.0.40219.1
Project("{FAE04EC0-301F-11D3-BF4B-00C04F79EFBC}") = "ConsoleApp32702", "ConsoleApp32702\ConsoleApp32702.csproj", "{0B2845BF-D121-4B22-968C-C83047F06C45}"
EndProject
Global
	GlobalSection(SolutionConfigurationPlatforms) = preSolution
		Debug|Any CPU = Debug|Any CPU
		Release|Any CPU = Release|Any CPU
	EndGlobalSection
	GlobalSection(ProjectConfigurationPlatforms) = postSolution
		{0B2845BF-D121-4B22-968C-C83047F06C45}.Debug|Any CPU.ActiveCfg = Debug|Any CPU
		{0B2845BF-D121-4B22-968C-C83047F06C45}.Debug|Any CPU.Build.0 = Debug|Any CPU
		{0B2845BF-D121-4B22-968C-C83047F06C45}.Release|Any CPU.ActiveCfg = Release|Any CPU
		{0B2845BF-D121-4B22-968C-C83047F06C45}.Release|Any CPU.Build.0 = Release|Any CPU
	EndGlobalSection
	GlobalSection(SolutionProperties) = preSolution
		HideSolutionNode = FALSE
	EndGlobalSection
	GlobalSection(ExtensibilityGlobals) = postSolution
		SolutionGuid = {FAAAC376-7125-44FB-8E38-E9C66A75252D}
	EndGlobalSection
EndGlobal
